
Microsoft Visual Studio Solution File, Format Version 12.00
# Visual Studio Version 17
VisualStudioVersion = 17.6.33723.286
MinimumVisualStudioVersion = 10.0.40219.1
Project("{FAE04EC0-301F-11D3-BF4B-00C04F79EFBC}") = "GrammBOTv2", "GrammBOTv2\GrammBOTv2.csproj", "{33B8B06B-AB28-41E5-B6CC-88F7659414D7}"
EndProject
Global
	GlobalSection(SolutionConfigurationPlatforms) = preSolution
		Debug|Any CPU = Debug|Any CPU
		Release|Any CPU = Release|Any CPU
	EndGlobalSection
	GlobalSection(ProjectConfigurationPlatforms) = postSolution
		{33B8B06B-AB28-41E5-B6CC-88F7659414D7}.Debug|Any CPU.ActiveCfg = Debug|Any CPU
		{33B8B06B-AB28-41E5-B6CC-88F7659414D7}.Debug|Any CPU.Build.0 = Debug|Any CPU
		{33B8B06B-AB28-41E5-B6CC-88F7659414D7}.Release|Any CPU.ActiveCfg = Release|Any CPU
		{33B8B06B-AB28-41E5-B6CC-88F7659414D7}.Release|Any CPU.Build.0 = Release|Any CPU
	EndGlobalSection
	GlobalSection(SolutionProperties) = preSolution
		HideSolutionNode = FALSE
	EndGlobalSection
	GlobalSection(ExtensibilityGlobals) = postSolution
		SolutionGuid = {1EB6237A-2C81-43E9-AC80-DEE0A535FFBA}
	EndGlobalSection
EndGlobal
